
Microsoft Visual Studio Solution File, Format Version 12.00
# Visual Studio 15
VisualStudioVersion = 15.0.27130.2003
MinimumVisualStudioVersion = 10.0.40219.1
Project("{FAE04EC0-301F-11D3-BF4B-00C04F79EFBC}") = "BitfinexAPI", "BitfinexAPI\BitfinexAPI.csproj", "{4E01711B-E280-484E-B220-BEDD19141FAB}"
EndProject
Project("{FAE04EC0-301F-11D3-BF4B-00C04F79EFBC}") = "Test", "Test\Test.csproj", "{62BA84FB-A3A6-43C9-A801-B664C3D40A94}"
EndProject
Project("{FAE04EC0-301F-11D3-BF4B-00C04F79EFBC}") = "CommonRestClient", "CommonRestClient\CommonRestClient.csproj", "{EFFD2296-BC7E-42F9-B635-0C05BE75F1C2}"
EndProject
Global
	GlobalSection(SolutionConfigurationPlatforms) = preSolution
		Debug|Any CPU = Debug|Any CPU
		Release|Any CPU = Release|Any CPU
	EndGlobalSection
	GlobalSection(ProjectConfigurationPlatforms) = postSolution
		{4E01711B-E280-484E-B220-BEDD19141FAB}.Debug|Any CPU.ActiveCfg = Debug|Any CPU
		{4E01711B-E280-484E-B220-BEDD19141FAB}.Debug|Any CPU.Build.0 = Debug|Any CPU
		{4E01711B-E280-484E-B220-BEDD19141FAB}.Release|Any CPU.ActiveCfg = Release|Any CPU
		{4E01711B-E280-484E-B220-BEDD19141FAB}.Release|Any CPU.Build.0 = Release|Any CPU
		{62BA84FB-A3A6-43C9-A801-B664C3D40A94}.Debug|Any CPU.ActiveCfg = Debug|Any CPU
		{62BA84FB-A3A6-43C9-A801-B664C3D40A94}.Debug|Any CPU.Build.0 = Debug|Any CPU
		{62BA84FB-A3A6-43C9-A801-B664C3D40A94}.Release|Any CPU.ActiveCfg = Release|Any CPU
		{62BA84FB-A3A6-43C9-A801-B664C3D40A94}.Release|Any CPU.Build.0 = Release|Any CPU
		{EFFD2296-BC7E-42F9-B635-0C05BE75F1C2}.Debug|Any CPU.ActiveCfg = Debug|Any CPU
		{EFFD2296-BC7E-42F9-B635-0C05BE75F1C2}.Debug|Any CPU.Build.0 = Debug|Any CPU
		{EFFD2296-BC7E-42F9-B635-0C05BE75F1C2}.Release|Any CPU.ActiveCfg = Release|Any CPU
		{EFFD2296-BC7E-42F9-B635-0C05BE75F1C2}.Release|Any CPU.Build.0 = Release|Any CPU
	EndGlobalSection
	GlobalSection(SolutionProperties) = preSolution
		HideSolutionNode = FALSE
	EndGlobalSection
	GlobalSection(ExtensibilityGlobals) = postSolution
		SolutionGuid = {12057C85-DA3E-4DF2-80B7-3F78C7CBFE9F}
	EndGlobalSection
EndGlobal
